{
  "requires": true,
  "lockfileVersion": 1,
  "dependencies": {
    "@popperjs/core": {
      "version": "2.4.4",
      "resolved": "https://registry.npmjs.org/@popperjs/core/-/core-2.4.4.tgz",
      "integrity": "sha512-1oO6+dN5kdIA3sKPZhRGJTfGVP4SWV6KqlMOwry4J3HfyD68sl/3KmG7DeYUzvN+RbhXDnv/D8vNNB8168tAMg=="
    },
    "bootstrap": {
      "version": "4.5.2",
      "resolved": "https://registry.npmjs.org/bootstrap/-/bootstrap-4.5.2.tgz",
      "integrity": "sha512-vlGn0bcySYl/iV+BGA544JkkZP5LB3jsmkeKLFQakCOwCM3AOk7VkldBz4jrzSe+Z0Ezn99NVXa1o45cQY4R6A=="
    },
    "datatables.net": {
      "version": "1.10.21",
      "resolved": "https://registry.npmjs.org/datatables.net/-/datatables.net-1.10.21.tgz",
      "integrity": "sha512-/bSZtxmf3GTpYcvEmwZ8q26I1yhSx8qklR2B+s1K8+/51UW/zc2zTYwJMqr/Z+iCYixAc00ildj4g2x0Qamolw==",
      "requires": {
        "jquery": ">=1.7"
      }
    },
    "datatables.net-dt": {
      "version": "1.10.21",
      "resolved": "https://registry.npmjs.org/datatables.net-dt/-/datatables.net-dt-1.10.21.tgz",
      "integrity": "sha512-P89PgkhVCB6shP0CbigmB1Z812yfdfhvAbUdg08mLuF7tuvLFPQC9F+WIV30Hj9mgMsPALWAEJEYAA3aJjuqIA==",
      "requires": {
        "datatables.net": "1.10.21",
        "jquery": ">=1.7"
      }
    },
    "font-awesome": {
      "version": "4.7.0",
      "resolved": "https://registry.npmjs.org/font-awesome/-/font-awesome-4.7.0.tgz",
      "integrity": "sha1-j6jPBBGhoxr9B7BtKQK7n8gVoTM="
    },
    "fontsource-josefin-sans": {
      "version": "3.0.5",
      "resolved": "https://registry.npmjs.org/fontsource-josefin-sans/-/fontsource-josefin-sans-3.0.5.tgz",
      "integrity": "sha512-0V8OLFQom5vbmszVl+oda/QMZ/b/DH698Rf7MR1DhglISI2rspvTXab05yEp8zcSnODIIITHsxshBy0aYcp7mQ=="
    },
    "fontsource-krub": {
      "version": "3.0.9",
      "resolved": "https://registry.npmjs.org/fontsource-krub/-/fontsource-krub-3.0.9.tgz",
      "integrity": "sha512-v2sZNBT/tX+Jl+eeRyF7P6j/uQs/ikM1Eclmu3Hkbg9tVm3e/JmvpqxjHwmGsJkYTSh9HLEF+mRp3LyqIQwQQg=="
    },
    "fontsource-montserrat": {
      "version": "3.0.5",
      "resolved": "https://registry.npmjs.org/fontsource-montserrat/-/fontsource-montserrat-3.0.5.tgz",
      "integrity": "sha512-xn1roAug728oqczjrM6k/Hd02/VIr31bBVimMzO+FB6KSiHKXpPO8krO7ueGWFGVrNnUEblS5rQ3cV4tDV+nrg=="
    },
    "jquery": {
      "version": "3.5.1",
      "resolved": "https://registry.npmjs.org/jquery/-/jquery-3.5.1.tgz",
      "integrity": "sha512-XwIBPqcMn57FxfT+Go5pzySnm4KWkT1Tv7gjrpT1srtf8Weynl6R273VJ5GjkRb51IzMp5nbaPjJXMWeju2MKg=="
    },
    "tinymce": {
      "version": "5.4.2",
      "resolved": "https://registry.npmjs.org/tinymce/-/tinymce-5.4.2.tgz",
      "integrity": "sha512-MRquvKxI28AiSn2ikypgJFD7LH4mQZLtgFn+yROF1bTFp92MdlLeGBrI38/O5mej3cvz27g3Pgr+3MShepbJ+w=="
    }
  }
}
